
Microsoft Visual Studio Solution File, Format Version 12.00
# Visual Studio 15
VisualStudioVersion = 15.0.27130.2010
MinimumVisualStudioVersion = 10.0.40219.1
Project("{2150E333-8FDC-42A3-9474-1A3956D46DE8}") = "3. Data Layer", "3. Data Layer", "{A2371524-C376-4880-ADFF-10389D82C510}"
EndProject
Project("{FAE04EC0-301F-11D3-BF4B-00C04F79EFBC}") = "Buca.Application.iBigTime2020.DataAccess", "Buca.Application.iBigTime2020.DataObjects\Buca.Application.iBigTime2020.DataAccess.csproj", "{9318EE7F-35D4-4ECC-9A23-321500AB0DE7}"
EndProject
Project("{FAE04EC0-301F-11D3-BF4B-00C04F79EFBC}") = "Buca.Application.iBigTime2020.DataHelpers", "Buca.Application.iBigTime2020.DataHelpers\Buca.Application.iBigTime2020.DataHelpers.csproj", "{35AEE1CC-6E66-4130-A41B-555499797ED0}"
EndProject
Project("{2150E333-8FDC-42A3-9474-1A3956D46DE8}") = "2. Business Layer", "2. Business Layer", "{43604693-4F53-4E2C-BDB1-729A2C2E9180}"
EndProject
Project("{FAE04EC0-301F-11D3-BF4B-00C04F79EFBC}") = "Buca.Application.iBigTime2020.BusinessComponents", "Buca.Application.iBigTime2020.BusinessComponents\Buca.Application.iBigTime2020.BusinessComponents.csproj", "{E9C3E053-C122-4CA8-B6EA-821A2F1981B7}"
EndProject
Project("{2150E333-8FDC-42A3-9474-1A3956D46DE8}") = "4. Solution Items", "4. Solution Items", "{C6C34BB8-F818-4610-A5AF-195EEC6F32A1}"
	ProjectSection(SolutionItems) = preProject
		Solution Items\Help\A-BIGTIME-BNG.h = Solution Items\Help\A-BIGTIME-BNG.h
		Solution Items\ABIGTIME_DDD.docx = Solution Items\ABIGTIME_DDD.docx
		Solution Items\ABigTime_Vocabulary.xlsx = Solution Items\ABigTime_Vocabulary.xlsx
		Solution Items\Help\BigTime.chm = Solution Items\Help\BigTime.chm
		Solution Items\FA_Coding_Convention_CSharp.doc = Solution Items\FA_Coding_Convention_CSharp.doc
		Solution Items\FA_Coding_Convention_TSQL.doc = Solution Items\FA_Coding_Convention_TSQL.doc
		Solution Items\FA_Design_Template.doc = Solution Items\FA_Design_Template.doc
		Solution Items\GIOITHIEU_DUAN_ABIGTIME.docx = Solution Items\GIOITHIEU_DUAN_ABIGTIME.docx
		Solution Items\KICKOFF.pptx = Solution Items\KICKOFF.pptx
		Solution Items\SQL_Update_Sprint_3.sql = Solution Items\SQL_Update_Sprint_3.sql
		Solution Items\Standard_Summary.doc = Solution Items\Standard_Summary.doc
		Solution Items\TEST_BNG_NGAY5.1.2015.xlsx = Solution Items\TEST_BNG_NGAY5.1.2015.xlsx
	EndProjectSection
EndProject
Project("{2150E333-8FDC-42A3-9474-1A3956D46DE8}") = "1. Presentation Layer", "1. Presentation Layer", "{36AEB231-8172-4C2A-A4C5-67849D4C28D3}"
EndProject
Project("{FAE04EC0-301F-11D3-BF4B-00C04F79EFBC}") = "Buca.Application.iBigTime2020.BusinessEntities", "Buca.Application.iBigTime2020.BusinessEntities\Buca.Application.iBigTime2020.BusinessEntities.csproj", "{FF5C9137-6B86-43DD-99CF-A214675C72B8}"
EndProject
Project("{FAE04EC0-301F-11D3-BF4B-00C04F79EFBC}") = "Buca.Application.iBigTime2020.Model", "Buca.Application.iBigTime2020.Model\Buca.Application.iBigTime2020.Model.csproj", "{989CF15F-35A7-4BCC-AA36-A5D010031392}"
EndProject
Project("{FAE04EC0-301F-11D3-BF4B-00C04F79EFBC}") = "Buca.Application.iBigTime2020.View", "Buca.Application.iBigTime2020.View\Buca.Application.iBigTime2020.View.csproj", "{68C5CD05-C4E8-4184-93C2-39CE0006E115}"
EndProject
Project("{FAE04EC0-301F-11D3-BF4B-00C04F79EFBC}") = "Buca.Application.iBigTime2020.Presenter", "Buca.Application.iBigTime2020.Presenter\Buca.Application.iBigTime2020.Presenter.csproj", "{A3CE9801-E4B1-4FA7-A01F-1B3E684271C1}"
EndProject
Project("{FAE04EC0-301F-11D3-BF4B-00C04F79EFBC}") = "BuCA.Application.iBigTime2020.Report", "BuCA.Application.iBigTime2020.Report\BuCA.Application.iBigTime2020.Report.csproj", "{2F8805F5-08E8-4BC5-B5F2-3F0432F3D972}"
EndProject
Project("{FAE04EC0-301F-11D3-BF4B-00C04F79EFBC}") = "BuCA.Application.iBigTime2020.Session", "BuCA.Application.iBigTime2020.Session\BuCA.Application.iBigTime2020.Session.csproj", "{387501BD-3DD5-4E3E-A592-00713D8FE59D}"
EndProject
Project("{FAE04EC0-301F-11D3-BF4B-00C04F79EFBC}") = "BuCA.Option", "Option\BuCA.Option.csproj", "{00FA8732-696A-4F1D-871D-E046C475E18D}"
EndProject
Project("{FAE04EC0-301F-11D3-BF4B-00C04F79EFBC}") = "BuCA.Enum", "BuCA.Enum\BuCA.Enum.csproj", "{923F1ACB-893F-4D65-B2BF-8BB2BCB10D30}"
EndProject
Project("{FAE04EC0-301F-11D3-BF4B-00C04F79EFBC}") = "Buca.Application.iBigTime2020.WindowsForm", "Buca.Application.iBigTime2020.WindowsForm\Buca.Application.iBigTime2020.WindowsForm.csproj", "{4A1A9F8D-55F1-4748-A23E-896C194A80CB}"
EndProject
Project("{2150E333-8FDC-42A3-9474-1A3956D46DE8}") = "Framework", "Framework", "{ED363AE3-ED2A-4283-8A6D-0386211C334F}"
EndProject
Project("{FAE04EC0-301F-11D3-BF4B-00C04F79EFBC}") = "Encryption", "Encryption\Encryption.csproj", "{C7668E19-E679-4FE4-8BBF-22C0131432B3}"
EndProject
Project("{FAE04EC0-301F-11D3-BF4B-00C04F79EFBC}") = "Buca.AutoUpdater", "Buca.AutoUpdater\Buca.AutoUpdater.csproj", "{11A6DCA8-9278-49AC-80EC-AEFA5E9FA37E}"
EndProject
Project("{FAE04EC0-301F-11D3-BF4B-00C04F79EFBC}") = "ZipExtractor", "ZipExtractor\ZipExtractor.csproj", "{91DE558C-6DB8-429B-A069-C0491DCFF15B}"
EndProject
Project("{FAE04EC0-301F-11D3-BF4B-00C04F79EFBC}") = "Buca.TransformData", "Convert\Buca.TransformData.csproj", "{741C20AB-6870-44B4-AAAB-EC5946D48AA3}"
EndProject
Global
	GlobalSection(SolutionConfigurationPlatforms) = preSolution
		CD_ROM|Any CPU = CD_ROM|Any CPU
		Debug|Any CPU = Debug|Any CPU
		Debug-NET35|Any CPU = Debug-NET35|Any CPU
		Debug-NET40|Any CPU = Debug-NET40|Any CPU
		Development|Any CPU = Development|Any CPU
		DVD-5|Any CPU = DVD-5|Any CPU
		Release|Any CPU = Release|Any CPU
		Release-NET35|Any CPU = Release-NET35|Any CPU
		Release-NET40|Any CPU = Release-NET40|Any CPU
		SingleImage|Any CPU = SingleImage|Any CPU
	EndGlobalSection
	GlobalSection(ProjectConfigurationPlatforms) = postSolution
		{9318EE7F-35D4-4ECC-9A23-321500AB0DE7}.CD_ROM|Any CPU.ActiveCfg = Release|Any CPU
		{9318EE7F-35D4-4ECC-9A23-321500AB0DE7}.CD_ROM|Any CPU.Build.0 = Release|Any CPU
		{9318EE7F-35D4-4ECC-9A23-321500AB0DE7}.Debug|Any CPU.ActiveCfg = Debug|Any CPU
		{9318EE7F-35D4-4ECC-9A23-321500AB0DE7}.Debug|Any CPU.Build.0 = Debug|Any CPU
		{9318EE7F-35D4-4ECC-9A23-321500AB0DE7}.Debug-NET35|Any CPU.ActiveCfg = Debug|Any CPU
		{9318EE7F-35D4-4ECC-9A23-321500AB0DE7}.Debug-NET35|Any CPU.Build.0 = Debug|Any CPU
		{9318EE7F-35D4-4ECC-9A23-321500AB0DE7}.Debug-NET40|Any CPU.ActiveCfg = Debug|Any CPU
		{9318EE7F-35D4-4ECC-9A23-321500AB0DE7}.Debug-NET40|Any CPU.Build.0 = Debug|Any CPU
		{9318EE7F-35D4-4ECC-9A23-321500AB0DE7}.Development|Any CPU.ActiveCfg = Debug|Any CPU
		{9318EE7F-35D4-4ECC-9A23-321500AB0DE7}.Development|Any CPU.Build.0 = Debug|Any CPU
		{9318EE7F-35D4-4ECC-9A23-321500AB0DE7}.DVD-5|Any CPU.ActiveCfg = Debug|Any CPU
		{9318EE7F-35D4-4ECC-9A23-321500AB0DE7}.DVD-5|Any CPU.Build.0 = Debug|Any CPU
		{9318EE7F-35D4-4ECC-9A23-321500AB0DE7}.Release|Any CPU.ActiveCfg = Release|Any CPU
		{9318EE7F-35D4-4ECC-9A23-321500AB0DE7}.Release|Any CPU.Build.0 = Release|Any CPU
		{9318EE7F-35D4-4ECC-9A23-321500AB0DE7}.Release-NET35|Any CPU.ActiveCfg = Release|Any CPU
		{9318EE7F-35D4-4ECC-9A23-321500AB0DE7}.Release-NET35|Any CPU.Build.0 = Release|Any CPU
		{9318EE7F-35D4-4ECC-9A23-321500AB0DE7}.Release-NET40|Any CPU.ActiveCfg = Release|Any CPU
		{9318EE7F-35D4-4ECC-9A23-321500AB0DE7}.Release-NET40|Any CPU.Build.0 = Release|Any CPU
		{9318EE7F-35D4-4ECC-9A23-321500AB0DE7}.SingleImage|Any CPU.ActiveCfg = Release|Any CPU
		{9318EE7F-35D4-4ECC-9A23-321500AB0DE7}.SingleImage|Any CPU.Build.0 = Release|Any CPU
		{35AEE1CC-6E66-4130-A41B-555499797ED0}.CD_ROM|Any CPU.ActiveCfg = Release|Any CPU
		{35AEE1CC-6E66-4130-A41B-555499797ED0}.CD_ROM|Any CPU.Build.0 = Release|Any CPU
		{35AEE1CC-6E66-4130-A41B-555499797ED0}.Debug|Any CPU.ActiveCfg = Debug|Any CPU
		{35AEE1CC-6E66-4130-A41B-555499797ED0}.Debug|Any CPU.Build.0 = Debug|Any CPU
		{35AEE1CC-6E66-4130-A41B-555499797ED0}.Debug-NET35|Any CPU.ActiveCfg = Debug|Any CPU
		{35AEE1CC-6E66-4130-A41B-555499797ED0}.Debug-NET35|Any CPU.Build.0 = Debug|Any CPU
		{35AEE1CC-6E66-4130-A41B-555499797ED0}.Debug-NET40|Any CPU.ActiveCfg = Debug|Any CPU
		{35AEE1CC-6E66-4130-A41B-555499797ED0}.Debug-NET40|Any CPU.Build.0 = Debug|Any CPU
		{35AEE1CC-6E66-4130-A41B-555499797ED0}.Development|Any CPU.ActiveCfg = Debug|Any CPU
		{35AEE1CC-6E66-4130-A41B-555499797ED0}.Development|Any CPU.Build.0 = Debug|Any CPU
		{35AEE1CC-6E66-4130-A41B-555499797ED0}.DVD-5|Any CPU.ActiveCfg = Debug|Any CPU
		{35AEE1CC-6E66-4130-A41B-555499797ED0}.DVD-5|Any CPU.Build.0 = Debug|Any CPU
		{35AEE1CC-6E66-4130-A41B-555499797ED0}.Release|Any CPU.ActiveCfg = Release|Any CPU
		{35AEE1CC-6E66-4130-A41B-555499797ED0}.Release|Any CPU.Build.0 = Release|Any CPU
		{35AEE1CC-6E66-4130-A41B-555499797ED0}.Release-NET35|Any CPU.ActiveCfg = Release|Any CPU
		{35AEE1CC-6E66-4130-A41B-555499797ED0}.Release-NET35|Any CPU.Build.0 = Release|Any CPU
		{35AEE1CC-6E66-4130-A41B-555499797ED0}.Release-NET40|Any CPU.ActiveCfg = Release|Any CPU
		{35AEE1CC-6E66-4130-A41B-555499797ED0}.Release-NET40|Any CPU.Build.0 = Release|Any CPU
		{35AEE1CC-6E66-4130-A41B-555499797ED0}.SingleImage|Any CPU.ActiveCfg = Release|Any CPU
		{35AEE1CC-6E66-4130-A41B-555499797ED0}.SingleImage|Any CPU.Build.0 = Release|Any CPU
		{E9C3E053-C122-4CA8-B6EA-821A2F1981B7}.CD_ROM|Any CPU.ActiveCfg = Release|Any CPU
		{E9C3E053-C122-4CA8-B6EA-821A2F1981B7}.CD_ROM|Any CPU.Build.0 = Release|Any CPU
		{E9C3E053-C122-4CA8-B6EA-821A2F1981B7}.Debug|Any CPU.ActiveCfg = Debug|Any CPU
		{E9C3E053-C122-4CA8-B6EA-821A2F1981B7}.Debug|Any CPU.Build.0 = Debug|Any CPU
		{E9C3E053-C122-4CA8-B6EA-821A2F1981B7}.Debug-NET35|Any CPU.ActiveCfg = Debug|Any CPU
		{E9C3E053-C122-4CA8-B6EA-821A2F1981B7}.Debug-NET35|Any CPU.Build.0 = Debug|Any CPU
		{E9C3E053-C122-4CA8-B6EA-821A2F1981B7}.Debug-NET40|Any CPU.ActiveCfg = Debug|Any CPU
		{E9C3E053-C122-4CA8-B6EA-821A2F1981B7}.Debug-NET40|Any CPU.Build.0 = Debug|Any CPU
		{E9C3E053-C122-4CA8-B6EA-821A2F1981B7}.Development|Any CPU.ActiveCfg = Debug|Any CPU
		{E9C3E053-C122-4CA8-B6EA-821A2F1981B7}.Development|Any CPU.Build.0 = Debug|Any CPU
		{E9C3E053-C122-4CA8-B6EA-821A2F1981B7}.DVD-5|Any CPU.ActiveCfg = Debug|Any CPU
		{E9C3E053-C122-4CA8-B6EA-821A2F1981B7}.DVD-5|Any CPU.Build.0 = Debug|Any CPU
		{E9C3E053-C122-4CA8-B6EA-821A2F1981B7}.Release|Any CPU.ActiveCfg = Release|Any CPU
		{E9C3E053-C122-4CA8-B6EA-821A2F1981B7}.Release|Any CPU.Build.0 = Release|Any CPU
		{E9C3E053-C122-4CA8-B6EA-821A2F1981B7}.Release-NET35|Any CPU.ActiveCfg = Release|Any CPU
		{E9C3E053-C122-4CA8-B6EA-821A2F1981B7}.Release-NET35|Any CPU.Build.0 = Release|Any CPU
		{E9C3E053-C122-4CA8-B6EA-821A2F1981B7}.Release-NET40|Any CPU.ActiveCfg = Release|Any CPU
		{E9C3E053-C122-4CA8-B6EA-821A2F1981B7}.Release-NET40|Any CPU.Build.0 = Release|Any CPU
		{E9C3E053-C122-4CA8-B6EA-821A2F1981B7}.SingleImage|Any CPU.ActiveCfg = Release|Any CPU
		{E9C3E053-C122-4CA8-B6EA-821A2F1981B7}.SingleImage|Any CPU.Build.0 = Release|Any CPU
		{FF5C9137-6B86-43DD-99CF-A214675C72B8}.CD_ROM|Any CPU.ActiveCfg = Release|Any CPU
		{FF5C9137-6B86-43DD-99CF-A214675C72B8}.CD_ROM|Any CPU.Build.0 = Release|Any CPU
		{FF5C9137-6B86-43DD-99CF-A214675C72B8}.Debug|Any CPU.ActiveCfg = Debug|Any CPU
		{FF5C9137-6B86-43DD-99CF-A214675C72B8}.Debug|Any CPU.Build.0 = Debug|Any CPU
		{FF5C9137-6B86-43DD-99CF-A214675C72B8}.Debug-NET35|Any CPU.ActiveCfg = Debug|Any CPU
		{FF5C9137-6B86-43DD-99CF-A214675C72B8}.Debug-NET35|Any CPU.Build.0 = Debug|Any CPU
		{FF5C9137-6B86-43DD-99CF-A214675C72B8}.Debug-NET40|Any CPU.ActiveCfg = Debug|Any CPU
		{FF5C9137-6B86-43DD-99CF-A214675C72B8}.Debug-NET40|Any CPU.Build.0 = Debug|Any CPU
		{FF5C9137-6B86-43DD-99CF-A214675C72B8}.Development|Any CPU.ActiveCfg = Debug|Any CPU
		{FF5C9137-6B86-43DD-99CF-A214675C72B8}.Development|Any CPU.Build.0 = Debug|Any CPU
		{FF5C9137-6B86-43DD-99CF-A214675C72B8}.DVD-5|Any CPU.ActiveCfg = Debug|Any CPU
		{FF5C9137-6B86-43DD-99CF-A214675C72B8}.DVD-5|Any CPU.Build.0 = Debug|Any CPU
		{FF5C9137-6B86-43DD-99CF-A214675C72B8}.Release|Any CPU.ActiveCfg = Release|Any CPU
		{FF5C9137-6B86-43DD-99CF-A214675C72B8}.Release|Any CPU.Build.0 = Release|Any CPU
		{FF5C9137-6B86-43DD-99CF-A214675C72B8}.Release-NET35|Any CPU.ActiveCfg = Release|Any CPU
		{FF5C9137-6B86-43DD-99CF-A214675C72B8}.Release-NET35|Any CPU.Build.0 = Release|Any CPU
		{FF5C9137-6B86-43DD-99CF-A214675C72B8}.Release-NET40|Any CPU.ActiveCfg = Release|Any CPU
		{FF5C9137-6B86-43DD-99CF-A214675C72B8}.Release-NET40|Any CPU.Build.0 = Release|Any CPU
		{FF5C9137-6B86-43DD-99CF-A214675C72B8}.SingleImage|Any CPU.ActiveCfg = Release|Any CPU
		{FF5C9137-6B86-43DD-99CF-A214675C72B8}.SingleImage|Any CPU.Build.0 = Release|Any CPU
		{989CF15F-35A7-4BCC-AA36-A5D010031392}.CD_ROM|Any CPU.ActiveCfg = Release|Any CPU
		{989CF15F-35A7-4BCC-AA36-A5D010031392}.CD_ROM|Any CPU.Build.0 = Release|Any CPU
		{989CF15F-35A7-4BCC-AA36-A5D010031392}.Debug|Any CPU.ActiveCfg = Debug|Any CPU
		{989CF15F-35A7-4BCC-AA36-A5D010031392}.Debug|Any CPU.Build.0 = Debug|Any CPU
		{989CF15F-35A7-4BCC-AA36-A5D010031392}.Debug-NET35|Any CPU.ActiveCfg = Debug|Any CPU
		{989CF15F-35A7-4BCC-AA36-A5D010031392}.Debug-NET35|Any CPU.Build.0 = Debug|Any CPU
		{989CF15F-35A7-4BCC-AA36-A5D010031392}.Debug-NET40|Any CPU.ActiveCfg = Debug|Any CPU
		{989CF15F-35A7-4BCC-AA36-A5D010031392}.Debug-NET40|Any CPU.Build.0 = Debug|Any CPU
		{989CF15F-35A7-4BCC-AA36-A5D010031392}.Development|Any CPU.ActiveCfg = Debug|Any CPU
		{989CF15F-35A7-4BCC-AA36-A5D010031392}.Development|Any CPU.Build.0 = Debug|Any CPU
		{989CF15F-35A7-4BCC-AA36-A5D010031392}.DVD-5|Any CPU.ActiveCfg = Debug|Any CPU
		{989CF15F-35A7-4BCC-AA36-A5D010031392}.DVD-5|Any CPU.Build.0 = Debug|Any CPU
		{989CF15F-35A7-4BCC-AA36-A5D010031392}.Release|Any CPU.ActiveCfg = Release|Any CPU
		{989CF15F-35A7-4BCC-AA36-A5D010031392}.Release|Any CPU.Build.0 = Release|Any CPU
		{989CF15F-35A7-4BCC-AA36-A5D010031392}.Release-NET35|Any CPU.ActiveCfg = Release|Any CPU
		{989CF15F-35A7-4BCC-AA36-A5D010031392}.Release-NET35|Any CPU.Build.0 = Release|Any CPU
		{989CF15F-35A7-4BCC-AA36-A5D010031392}.Release-NET40|Any CPU.ActiveCfg = Release|Any CPU
		{989CF15F-35A7-4BCC-AA36-A5D010031392}.Release-NET40|Any CPU.Build.0 = Release|Any CPU
		{989CF15F-35A7-4BCC-AA36-A5D010031392}.SingleImage|Any CPU.ActiveCfg = Release|Any CPU
		{989CF15F-35A7-4BCC-AA36-A5D010031392}.SingleImage|Any CPU.Build.0 = Release|Any CPU
		{68C5CD05-C4E8-4184-93C2-39CE0006E115}.CD_ROM|Any CPU.ActiveCfg = Release|Any CPU
		{68C5CD05-C4E8-4184-93C2-39CE0006E115}.CD_ROM|Any CPU.Build.0 = Release|Any CPU
		{68C5CD05-C4E8-4184-93C2-39CE0006E115}.Debug|Any CPU.ActiveCfg = Debug|Any CPU
		{68C5CD05-C4E8-4184-93C2-39CE0006E115}.Debug|Any CPU.Build.0 = Debug|Any CPU
		{68C5CD05-C4E8-4184-93C2-39CE0006E115}.Debug-NET35|Any CPU.ActiveCfg = Debug|Any CPU
		{68C5CD05-C4E8-4184-93C2-39CE0006E115}.Debug-NET35|Any CPU.Build.0 = Debug|Any CPU
		{68C5CD05-C4E8-4184-93C2-39CE0006E115}.Debug-NET40|Any CPU.ActiveCfg = Debug|Any CPU
		{68C5CD05-C4E8-4184-93C2-39CE0006E115}.Debug-NET40|Any CPU.Build.0 = Debug|Any CPU
		{68C5CD05-C4E8-4184-93C2-39CE0006E115}.Development|Any CPU.ActiveCfg = Debug|Any CPU
		{68C5CD05-C4E8-4184-93C2-39CE0006E115}.Development|Any CPU.Build.0 = Debug|Any CPU
		{68C5CD05-C4E8-4184-93C2-39CE0006E115}.DVD-5|Any CPU.ActiveCfg = Debug|Any CPU
		{68C5CD05-C4E8-4184-93C2-39CE0006E115}.DVD-5|Any CPU.Build.0 = Debug|Any CPU
		{68C5CD05-C4E8-4184-93C2-39CE0006E115}.Release|Any CPU.ActiveCfg = Release|Any CPU
		{68C5CD05-C4E8-4184-93C2-39CE0006E115}.Release|Any CPU.Build.0 = Release|Any CPU
		{68C5CD05-C4E8-4184-93C2-39CE0006E115}.Release-NET35|Any CPU.ActiveCfg = Release|Any CPU
		{68C5CD05-C4E8-4184-93C2-39CE0006E115}.Release-NET35|Any CPU.Build.0 = Release|Any CPU
		{68C5CD05-C4E8-4184-93C2-39CE0006E115}.Release-NET40|Any CPU.ActiveCfg = Release|Any CPU
		{68C5CD05-C4E8-4184-93C2-39CE0006E115}.Release-NET40|Any CPU.Build.0 = Release|Any CPU
		{68C5CD05-C4E8-4184-93C2-39CE0006E115}.SingleImage|Any CPU.ActiveCfg = Release|Any CPU
		{68C5CD05-C4E8-4184-93C2-39CE0006E115}.SingleImage|Any CPU.Build.0 = Release|Any CPU
		{A3CE9801-E4B1-4FA7-A01F-1B3E684271C1}.CD_ROM|Any CPU.ActiveCfg = Release|Any CPU
		{A3CE9801-E4B1-4FA7-A01F-1B3E684271C1}.CD_ROM|Any CPU.Build.0 = Release|Any CPU
		{A3CE9801-E4B1-4FA7-A01F-1B3E684271C1}.Debug|Any CPU.ActiveCfg = Debug|Any CPU
		{A3CE9801-E4B1-4FA7-A01F-1B3E684271C1}.Debug|Any CPU.Build.0 = Debug|Any CPU
		{A3CE9801-E4B1-4FA7-A01F-1B3E684271C1}.Debug-NET35|Any CPU.ActiveCfg = Debug|Any CPU
		{A3CE9801-E4B1-4FA7-A01F-1B3E684271C1}.Debug-NET35|Any CPU.Build.0 = Debug|Any CPU
		{A3CE9801-E4B1-4FA7-A01F-1B3E684271C1}.Debug-NET40|Any CPU.ActiveCfg = Debug|Any CPU
		{A3CE9801-E4B1-4FA7-A01F-1B3E684271C1}.Debug-NET40|Any CPU.Build.0 = Debug|Any CPU
		{A3CE9801-E4B1-4FA7-A01F-1B3E684271C1}.Development|Any CPU.ActiveCfg = Debug|Any CPU
		{A3CE9801-E4B1-4FA7-A01F-1B3E684271C1}.Development|Any CPU.Build.0 = Debug|Any CPU
		{A3CE9801-E4B1-4FA7-A01F-1B3E684271C1}.DVD-5|Any CPU.ActiveCfg = Debug|Any CPU
		{A3CE9801-E4B1-4FA7-A01F-1B3E684271C1}.DVD-5|Any CPU.Build.0 = Debug|Any CPU
		{A3CE9801-E4B1-4FA7-A01F-1B3E684271C1}.Release|Any CPU.ActiveCfg = Release|Any CPU
		{A3CE9801-E4B1-4FA7-A01F-1B3E684271C1}.Release|Any CPU.Build.0 = Release|Any CPU
		{A3CE9801-E4B1-4FA7-A01F-1B3E684271C1}.Release-NET35|Any CPU.ActiveCfg = Release|Any CPU
		{A3CE9801-E4B1-4FA7-A01F-1B3E684271C1}.Release-NET35|Any CPU.Build.0 = Release|Any CPU
		{A3CE9801-E4B1-4FA7-A01F-1B3E684271C1}.Release-NET40|Any CPU.ActiveCfg = Release|Any CPU
		{A3CE9801-E4B1-4FA7-A01F-1B3E684271C1}.Release-NET40|Any CPU.Build.0 = Release|Any CPU
		{A3CE9801-E4B1-4FA7-A01F-1B3E684271C1}.SingleImage|Any CPU.ActiveCfg = Release|Any CPU
		{A3CE9801-E4B1-4FA7-A01F-1B3E684271C1}.SingleImage|Any CPU.Build.0 = Release|Any CPU
		{2F8805F5-08E8-4BC5-B5F2-3F0432F3D972}.CD_ROM|Any CPU.ActiveCfg = Release|Any CPU
		{2F8805F5-08E8-4BC5-B5F2-3F0432F3D972}.CD_ROM|Any CPU.Build.0 = Release|Any CPU
		{2F8805F5-08E8-4BC5-B5F2-3F0432F3D972}.Debug|Any CPU.ActiveCfg = Debug|Any CPU
		{2F8805F5-08E8-4BC5-B5F2-3F0432F3D972}.Debug|Any CPU.Build.0 = Debug|Any CPU
		{2F8805F5-08E8-4BC5-B5F2-3F0432F3D972}.Debug-NET35|Any CPU.ActiveCfg = Debug|Any CPU
		{2F8805F5-08E8-4BC5-B5F2-3F0432F3D972}.Debug-NET35|Any CPU.Build.0 = Debug|Any CPU
		{2F8805F5-08E8-4BC5-B5F2-3F0432F3D972}.Debug-NET40|Any CPU.ActiveCfg = Debug|Any CPU
		{2F8805F5-08E8-4BC5-B5F2-3F0432F3D972}.Debug-NET40|Any CPU.Build.0 = Debug|Any CPU
		{2F8805F5-08E8-4BC5-B5F2-3F0432F3D972}.Development|Any CPU.ActiveCfg = Debug|Any CPU
		{2F8805F5-08E8-4BC5-B5F2-3F0432F3D972}.Development|Any CPU.Build.0 = Debug|Any CPU
		{2F8805F5-08E8-4BC5-B5F2-3F0432F3D972}.DVD-5|Any CPU.ActiveCfg = Debug|Any CPU
		{2F8805F5-08E8-4BC5-B5F2-3F0432F3D972}.DVD-5|Any CPU.Build.0 = Debug|Any CPU
		{2F8805F5-08E8-4BC5-B5F2-3F0432F3D972}.Release|Any CPU.ActiveCfg = Release|Any CPU
		{2F8805F5-08E8-4BC5-B5F2-3F0432F3D972}.Release|Any CPU.Build.0 = Release|Any CPU
		{2F8805F5-08E8-4BC5-B5F2-3F0432F3D972}.Release-NET35|Any CPU.ActiveCfg = Release|Any CPU
		{2F8805F5-08E8-4BC5-B5F2-3F0432F3D972}.Release-NET35|Any CPU.Build.0 = Release|Any CPU
		{2F8805F5-08E8-4BC5-B5F2-3F0432F3D972}.Release-NET40|Any CPU.ActiveCfg = Release|Any CPU
		{2F8805F5-08E8-4BC5-B5F2-3F0432F3D972}.Release-NET40|Any CPU.Build.0 = Release|Any CPU
		{2F8805F5-08E8-4BC5-B5F2-3F0432F3D972}.SingleImage|Any CPU.ActiveCfg = Release|Any CPU
		{2F8805F5-08E8-4BC5-B5F2-3F0432F3D972}.SingleImage|Any CPU.Build.0 = Release|Any CPU
		{387501BD-3DD5-4E3E-A592-00713D8FE59D}.CD_ROM|Any CPU.ActiveCfg = Release|Any CPU
		{387501BD-3DD5-4E3E-A592-00713D8FE59D}.CD_ROM|Any CPU.Build.0 = Release|Any CPU
		{387501BD-3DD5-4E3E-A592-00713D8FE59D}.Debug|Any CPU.ActiveCfg = Debug|Any CPU
		{387501BD-3DD5-4E3E-A592-00713D8FE59D}.Debug|Any CPU.Build.0 = Debug|Any CPU
		{387501BD-3DD5-4E3E-A592-00713D8FE59D}.Debug-NET35|Any CPU.ActiveCfg = Debug|Any CPU
		{387501BD-3DD5-4E3E-A592-00713D8FE59D}.Debug-NET35|Any CPU.Build.0 = Debug|Any CPU
		{387501BD-3DD5-4E3E-A592-00713D8FE59D}.Debug-NET40|Any CPU.ActiveCfg = Debug|Any CPU
		{387501BD-3DD5-4E3E-A592-00713D8FE59D}.Debug-NET40|Any CPU.Build.0 = Debug|Any CPU
		{387501BD-3DD5-4E3E-A592-00713D8FE59D}.Development|Any CPU.ActiveCfg = Debug|Any CPU
		{387501BD-3DD5-4E3E-A592-00713D8FE59D}.Development|Any CPU.Build.0 = Debug|Any CPU
		{387501BD-3DD5-4E3E-A592-00713D8FE59D}.DVD-5|Any CPU.ActiveCfg = Debug|Any CPU
		{387501BD-3DD5-4E3E-A592-00713D8FE59D}.DVD-5|Any CPU.Build.0 = Debug|Any CPU
		{387501BD-3DD5-4E3E-A592-00713D8FE59D}.Release|Any CPU.ActiveCfg = Release|Any CPU
		{387501BD-3DD5-4E3E-A592-00713D8FE59D}.Release|Any CPU.Build.0 = Release|Any CPU
		{387501BD-3DD5-4E3E-A592-00713D8FE59D}.Release-NET35|Any CPU.ActiveCfg = Release|Any CPU
		{387501BD-3DD5-4E3E-A592-00713D8FE59D}.Release-NET35|Any CPU.Build.0 = Release|Any CPU
		{387501BD-3DD5-4E3E-A592-00713D8FE59D}.Release-NET40|Any CPU.ActiveCfg = Release|Any CPU
		{387501BD-3DD5-4E3E-A592-00713D8FE59D}.Release-NET40|Any CPU.Build.0 = Release|Any CPU
		{387501BD-3DD5-4E3E-A592-00713D8FE59D}.SingleImage|Any CPU.ActiveCfg = Release|Any CPU
		{387501BD-3DD5-4E3E-A592-00713D8FE59D}.SingleImage|Any CPU.Build.0 = Release|Any CPU
		{00FA8732-696A-4F1D-871D-E046C475E18D}.CD_ROM|Any CPU.ActiveCfg = Release|Any CPU
		{00FA8732-696A-4F1D-871D-E046C475E18D}.CD_ROM|Any CPU.Build.0 = Release|Any CPU
		{00FA8732-696A-4F1D-871D-E046C475E18D}.Debug|Any CPU.ActiveCfg = Debug|Any CPU
		{00FA8732-696A-4F1D-871D-E046C475E18D}.Debug|Any CPU.Build.0 = Debug|Any CPU
		{00FA8732-696A-4F1D-871D-E046C475E18D}.Debug-NET35|Any CPU.ActiveCfg = Debug|Any CPU
		{00FA8732-696A-4F1D-871D-E046C475E18D}.Debug-NET35|Any CPU.Build.0 = Debug|Any CPU
		{00FA8732-696A-4F1D-871D-E046C475E18D}.Debug-NET40|Any CPU.ActiveCfg = Debug|Any CPU
		{00FA8732-696A-4F1D-871D-E046C475E18D}.Debug-NET40|Any CPU.Build.0 = Debug|Any CPU
		{00FA8732-696A-4F1D-871D-E046C475E18D}.Development|Any CPU.ActiveCfg = Debug|Any CPU
		{00FA8732-696A-4F1D-871D-E046C475E18D}.Development|Any CPU.Build.0 = Debug|Any CPU
		{00FA8732-696A-4F1D-871D-E046C475E18D}.DVD-5|Any CPU.ActiveCfg = Debug|Any CPU
		{00FA8732-696A-4F1D-871D-E046C475E18D}.DVD-5|Any CPU.Build.0 = Debug|Any CPU
		{00FA8732-696A-4F1D-871D-E046C475E18D}.Release|Any CPU.ActiveCfg = Release|Any CPU
		{00FA8732-696A-4F1D-871D-E046C475E18D}.Release|Any CPU.Build.0 = Release|Any CPU
		{00FA8732-696A-4F1D-871D-E046C475E18D}.Release-NET35|Any CPU.ActiveCfg = Release|Any CPU
		{00FA8732-696A-4F1D-871D-E046C475E18D}.Release-NET35|Any CPU.Build.0 = Release|Any CPU
		{00FA8732-696A-4F1D-871D-E046C475E18D}.Release-NET40|Any CPU.ActiveCfg = Release|Any CPU
		{00FA8732-696A-4F1D-871D-E046C475E18D}.Release-NET40|Any CPU.Build.0 = Release|Any CPU
		{00FA8732-696A-4F1D-871D-E046C475E18D}.SingleImage|Any CPU.ActiveCfg = Release|Any CPU
		{00FA8732-696A-4F1D-871D-E046C475E18D}.SingleImage|Any CPU.Build.0 = Release|Any CPU
		{923F1ACB-893F-4D65-B2BF-8BB2BCB10D30}.CD_ROM|Any CPU.ActiveCfg = Release|Any CPU
		{923F1ACB-893F-4D65-B2BF-8BB2BCB10D30}.CD_ROM|Any CPU.Build.0 = Release|Any CPU
		{923F1ACB-893F-4D65-B2BF-8BB2BCB10D30}.Debug|Any CPU.ActiveCfg = Debug|Any CPU
		{923F1ACB-893F-4D65-B2BF-8BB2BCB10D30}.Debug|Any CPU.Build.0 = Debug|Any CPU
		{923F1ACB-893F-4D65-B2BF-8BB2BCB10D30}.Debug-NET35|Any CPU.ActiveCfg = Debug|Any CPU
		{923F1ACB-893F-4D65-B2BF-8BB2BCB10D30}.Debug-NET35|Any CPU.Build.0 = Debug|Any CPU
		{923F1ACB-893F-4D65-B2BF-8BB2BCB10D30}.Debug-NET40|Any CPU.ActiveCfg = Debug|Any CPU
		{923F1ACB-893F-4D65-B2BF-8BB2BCB10D30}.Debug-NET40|Any CPU.Build.0 = Debug|Any CPU
		{923F1ACB-893F-4D65-B2BF-8BB2BCB10D30}.Development|Any CPU.ActiveCfg = Debug|Any CPU
		{923F1ACB-893F-4D65-B2BF-8BB2BCB10D30}.Development|Any CPU.Build.0 = Debug|Any CPU
		{923F1ACB-893F-4D65-B2BF-8BB2BCB10D30}.DVD-5|Any CPU.ActiveCfg = Debug|Any CPU
		{923F1ACB-893F-4D65-B2BF-8BB2BCB10D30}.DVD-5|Any CPU.Build.0 = Debug|Any CPU
		{923F1ACB-893F-4D65-B2BF-8BB2BCB10D30}.Release|Any CPU.ActiveCfg = Release|Any CPU
		{923F1ACB-893F-4D65-B2BF-8BB2BCB10D30}.Release|Any CPU.Build.0 = Release|Any CPU
		{923F1ACB-893F-4D65-B2BF-8BB2BCB10D30}.Release-NET35|Any CPU.ActiveCfg = Release|Any CPU
		{923F1ACB-893F-4D65-B2BF-8BB2BCB10D30}.Release-NET35|Any CPU.Build.0 = Release|Any CPU
		{923F1ACB-893F-4D65-B2BF-8BB2BCB10D30}.Release-NET40|Any CPU.ActiveCfg = Release|Any CPU
		{923F1ACB-893F-4D65-B2BF-8BB2BCB10D30}.Release-NET40|Any CPU.Build.0 = Release|Any CPU
		{923F1ACB-893F-4D65-B2BF-8BB2BCB10D30}.SingleImage|Any CPU.ActiveCfg = Release|Any CPU
		{923F1ACB-893F-4D65-B2BF-8BB2BCB10D30}.SingleImage|Any CPU.Build.0 = Release|Any CPU
		{4A1A9F8D-55F1-4748-A23E-896C194A80CB}.CD_ROM|Any CPU.ActiveCfg = Release|Any CPU
		{4A1A9F8D-55F1-4748-A23E-896C194A80CB}.CD_ROM|Any CPU.Build.0 = Release|Any CPU
		{4A1A9F8D-55F1-4748-A23E-896C194A80CB}.Debug|Any CPU.ActiveCfg = Debug|Any CPU
		{4A1A9F8D-55F1-4748-A23E-896C194A80CB}.Debug|Any CPU.Build.0 = Debug|Any CPU
		{4A1A9F8D-55F1-4748-A23E-896C194A80CB}.Debug-NET35|Any CPU.ActiveCfg = Debug|Any CPU
		{4A1A9F8D-55F1-4748-A23E-896C194A80CB}.Debug-NET35|Any CPU.Build.0 = Debug|Any CPU
		{4A1A9F8D-55F1-4748-A23E-896C194A80CB}.Debug-NET40|Any CPU.ActiveCfg = Debug|Any CPU
		{4A1A9F8D-55F1-4748-A23E-896C194A80CB}.Debug-NET40|Any CPU.Build.0 = Debug|Any CPU
		{4A1A9F8D-55F1-4748-A23E-896C194A80CB}.Development|Any CPU.ActiveCfg = Debug|Any CPU
		{4A1A9F8D-55F1-4748-A23E-896C194A80CB}.Development|Any CPU.Build.0 = Debug|Any CPU
		{4A1A9F8D-55F1-4748-A23E-896C194A80CB}.DVD-5|Any CPU.ActiveCfg = Debug|Any CPU
		{4A1A9F8D-55F1-4748-A23E-896C194A80CB}.DVD-5|Any CPU.Build.0 = Debug|Any CPU
		{4A1A9F8D-55F1-4748-A23E-896C194A80CB}.Release|Any CPU.ActiveCfg = Release|Any CPU
		{4A1A9F8D-55F1-4748-A23E-896C194A80CB}.Release|Any CPU.Build.0 = Release|Any CPU
		{4A1A9F8D-55F1-4748-A23E-896C194A80CB}.Release-NET35|Any CPU.ActiveCfg = Release|Any CPU
		{4A1A9F8D-55F1-4748-A23E-896C194A80CB}.Release-NET35|Any CPU.Build.0 = Release|Any CPU
		{4A1A9F8D-55F1-4748-A23E-896C194A80CB}.Release-NET40|Any CPU.ActiveCfg = Release|Any CPU
		{4A1A9F8D-55F1-4748-A23E-896C194A80CB}.Release-NET40|Any CPU.Build.0 = Release|Any CPU
		{4A1A9F8D-55F1-4748-A23E-896C194A80CB}.SingleImage|Any CPU.ActiveCfg = Release|Any CPU
		{4A1A9F8D-55F1-4748-A23E-896C194A80CB}.SingleImage|Any CPU.Build.0 = Release|Any CPU
		{C7668E19-E679-4FE4-8BBF-22C0131432B3}.CD_ROM|Any CPU.ActiveCfg = Release|Any CPU
		{C7668E19-E679-4FE4-8BBF-22C0131432B3}.CD_ROM|Any CPU.Build.0 = Release|Any CPU
		{C7668E19-E679-4FE4-8BBF-22C0131432B3}.Debug|Any CPU.ActiveCfg = Debug|Any CPU
		{C7668E19-E679-4FE4-8BBF-22C0131432B3}.Debug|Any CPU.Build.0 = Debug|Any CPU
		{C7668E19-E679-4FE4-8BBF-22C0131432B3}.Debug-NET35|Any CPU.ActiveCfg = Debug|Any CPU
		{C7668E19-E679-4FE4-8BBF-22C0131432B3}.Debug-NET35|Any CPU.Build.0 = Debug|Any CPU
		{C7668E19-E679-4FE4-8BBF-22C0131432B3}.Debug-NET40|Any CPU.ActiveCfg = Debug|Any CPU
		{C7668E19-E679-4FE4-8BBF-22C0131432B3}.Debug-NET40|Any CPU.Build.0 = Debug|Any CPU
		{C7668E19-E679-4FE4-8BBF-22C0131432B3}.Development|Any CPU.ActiveCfg = Debug|Any CPU
		{C7668E19-E679-4FE4-8BBF-22C0131432B3}.Development|Any CPU.Build.0 = Debug|Any CPU
		{C7668E19-E679-4FE4-8BBF-22C0131432B3}.DVD-5|Any CPU.ActiveCfg = Debug|Any CPU
		{C7668E19-E679-4FE4-8BBF-22C0131432B3}.DVD-5|Any CPU.Build.0 = Debug|Any CPU
		{C7668E19-E679-4FE4-8BBF-22C0131432B3}.Release|Any CPU.ActiveCfg = Release|Any CPU
		{C7668E19-E679-4FE4-8BBF-22C0131432B3}.Release|Any CPU.Build.0 = Release|Any CPU
		{C7668E19-E679-4FE4-8BBF-22C0131432B3}.Release-NET35|Any CPU.ActiveCfg = Release|Any CPU
		{C7668E19-E679-4FE4-8BBF-22C0131432B3}.Release-NET35|Any CPU.Build.0 = Release|Any CPU
		{C7668E19-E679-4FE4-8BBF-22C0131432B3}.Release-NET40|Any CPU.ActiveCfg = Release|Any CPU
		{C7668E19-E679-4FE4-8BBF-22C0131432B3}.Release-NET40|Any CPU.Build.0 = Release|Any CPU
		{C7668E19-E679-4FE4-8BBF-22C0131432B3}.SingleImage|Any CPU.ActiveCfg = Release|Any CPU
		{C7668E19-E679-4FE4-8BBF-22C0131432B3}.SingleImage|Any CPU.Build.0 = Release|Any CPU
		{11A6DCA8-9278-49AC-80EC-AEFA5E9FA37E}.CD_ROM|Any CPU.ActiveCfg = Release|Any CPU
		{11A6DCA8-9278-49AC-80EC-AEFA5E9FA37E}.CD_ROM|Any CPU.Build.0 = Release|Any CPU
		{11A6DCA8-9278-49AC-80EC-AEFA5E9FA37E}.Debug|Any CPU.ActiveCfg = Debug|Any CPU
		{11A6DCA8-9278-49AC-80EC-AEFA5E9FA37E}.Debug|Any CPU.Build.0 = Debug|Any CPU
		{11A6DCA8-9278-49AC-80EC-AEFA5E9FA37E}.Debug-NET35|Any CPU.ActiveCfg = Debug|Any CPU
		{11A6DCA8-9278-49AC-80EC-AEFA5E9FA37E}.Debug-NET35|Any CPU.Build.0 = Debug|Any CPU
		{11A6DCA8-9278-49AC-80EC-AEFA5E9FA37E}.Debug-NET40|Any CPU.ActiveCfg = Debug|Any CPU
		{11A6DCA8-9278-49AC-80EC-AEFA5E9FA37E}.Debug-NET40|Any CPU.Build.0 = Debug|Any CPU
		{11A6DCA8-9278-49AC-80EC-AEFA5E9FA37E}.Development|Any CPU.ActiveCfg = Debug|Any CPU
		{11A6DCA8-9278-49AC-80EC-AEFA5E9FA37E}.Development|Any CPU.Build.0 = Debug|Any CPU
		{11A6DCA8-9278-49AC-80EC-AEFA5E9FA37E}.DVD-5|Any CPU.ActiveCfg = Debug|Any CPU
		{11A6DCA8-9278-49AC-80EC-AEFA5E9FA37E}.DVD-5|Any CPU.Build.0 = Debug|Any CPU
		{11A6DCA8-9278-49AC-80EC-AEFA5E9FA37E}.Release|Any CPU.ActiveCfg = Release|Any CPU
		{11A6DCA8-9278-49AC-80EC-AEFA5E9FA37E}.Release|Any CPU.Build.0 = Release|Any CPU
		{11A6DCA8-9278-49AC-80EC-AEFA5E9FA37E}.Release-NET35|Any CPU.ActiveCfg = Release|Any CPU
		{11A6DCA8-9278-49AC-80EC-AEFA5E9FA37E}.Release-NET35|Any CPU.Build.0 = Release|Any CPU
		{11A6DCA8-9278-49AC-80EC-AEFA5E9FA37E}.Release-NET40|Any CPU.ActiveCfg = Release|Any CPU
		{11A6DCA8-9278-49AC-80EC-AEFA5E9FA37E}.Release-NET40|Any CPU.Build.0 = Release|Any CPU
		{11A6DCA8-9278-49AC-80EC-AEFA5E9FA37E}.SingleImage|Any CPU.ActiveCfg = Release|Any CPU
		{11A6DCA8-9278-49AC-80EC-AEFA5E9FA37E}.SingleImage|Any CPU.Build.0 = Release|Any CPU
		{91DE558C-6DB8-429B-A069-C0491DCFF15B}.CD_ROM|Any CPU.ActiveCfg = Release-NET40|Any CPU
		{91DE558C-6DB8-429B-A069-C0491DCFF15B}.CD_ROM|Any CPU.Build.0 = Release-NET40|Any CPU
		{91DE558C-6DB8-429B-A069-C0491DCFF15B}.Debug|Any CPU.ActiveCfg = Debug|Any CPU
		{91DE558C-6DB8-429B-A069-C0491DCFF15B}.Debug|Any CPU.Build.0 = Debug|Any CPU
		{91DE558C-6DB8-429B-A069-C0491DCFF15B}.Debug-NET35|Any CPU.ActiveCfg = Debug-NET35|Any CPU
		{91DE558C-6DB8-429B-A069-C0491DCFF15B}.Debug-NET35|Any CPU.Build.0 = Debug-NET35|Any CPU
		{91DE558C-6DB8-429B-A069-C0491DCFF15B}.Debug-NET40|Any CPU.ActiveCfg = Debug-NET40|Any CPU
		{91DE558C-6DB8-429B-A069-C0491DCFF15B}.Debug-NET40|Any CPU.Build.0 = Debug-NET40|Any CPU
		{91DE558C-6DB8-429B-A069-C0491DCFF15B}.Development|Any CPU.ActiveCfg = Debug-NET40|Any CPU
		{91DE558C-6DB8-429B-A069-C0491DCFF15B}.Development|Any CPU.Build.0 = Debug-NET40|Any CPU
		{91DE558C-6DB8-429B-A069-C0491DCFF15B}.DVD-5|Any CPU.ActiveCfg = Debug-NET40|Any CPU
		{91DE558C-6DB8-429B-A069-C0491DCFF15B}.DVD-5|Any CPU.Build.0 = Debug-NET40|Any CPU
		{91DE558C-6DB8-429B-A069-C0491DCFF15B}.Release|Any CPU.ActiveCfg = Release|Any CPU
		{91DE558C-6DB8-429B-A069-C0491DCFF15B}.Release|Any CPU.Build.0 = Release|Any CPU
		{91DE558C-6DB8-429B-A069-C0491DCFF15B}.Release-NET35|Any CPU.ActiveCfg = Release-NET35|Any CPU
		{91DE558C-6DB8-429B-A069-C0491DCFF15B}.Release-NET35|Any CPU.Build.0 = Release-NET35|Any CPU
		{91DE558C-6DB8-429B-A069-C0491DCFF15B}.Release-NET40|Any CPU.ActiveCfg = Release-NET40|Any CPU
		{91DE558C-6DB8-429B-A069-C0491DCFF15B}.Release-NET40|Any CPU.Build.0 = Release-NET40|Any CPU
		{91DE558C-6DB8-429B-A069-C0491DCFF15B}.SingleImage|Any CPU.ActiveCfg = Release-NET40|Any CPU
		{91DE558C-6DB8-429B-A069-C0491DCFF15B}.SingleImage|Any CPU.Build.0 = Release-NET40|Any CPU
		{741C20AB-6870-44B4-AAAB-EC5946D48AA3}.CD_ROM|Any CPU.ActiveCfg = Release|Any CPU
		{741C20AB-6870-44B4-AAAB-EC5946D48AA3}.CD_ROM|Any CPU.Build.0 = Release|Any CPU
		{741C20AB-6870-44B4-AAAB-EC5946D48AA3}.Debug|Any CPU.ActiveCfg = Debug|Any CPU
		{741C20AB-6870-44B4-AAAB-EC5946D48AA3}.Debug|Any CPU.Build.0 = Debug|Any CPU
		{741C20AB-6870-44B4-AAAB-EC5946D48AA3}.Debug-NET35|Any CPU.ActiveCfg = Debug|Any CPU
		{741C20AB-6870-44B4-AAAB-EC5946D48AA3}.Debug-NET35|Any CPU.Build.0 = Debug|Any CPU
		{741C20AB-6870-44B4-AAAB-EC5946D48AA3}.Debug-NET40|Any CPU.ActiveCfg = Debug|Any CPU
		{741C20AB-6870-44B4-AAAB-EC5946D48AA3}.Debug-NET40|Any CPU.Build.0 = Debug|Any CPU
		{741C20AB-6870-44B4-AAAB-EC5946D48AA3}.Development|Any CPU.ActiveCfg = Debug|Any CPU
		{741C20AB-6870-44B4-AAAB-EC5946D48AA3}.Development|Any CPU.Build.0 = Debug|Any CPU
		{741C20AB-6870-44B4-AAAB-EC5946D48AA3}.DVD-5|Any CPU.ActiveCfg = Debug|Any CPU
		{741C20AB-6870-44B4-AAAB-EC5946D48AA3}.DVD-5|Any CPU.Build.0 = Debug|Any CPU
		{741C20AB-6870-44B4-AAAB-EC5946D48AA3}.Release|Any CPU.ActiveCfg = Release|Any CPU
		{741C20AB-6870-44B4-AAAB-EC5946D48AA3}.Release|Any CPU.Build.0 = Release|Any CPU
		{741C20AB-6870-44B4-AAAB-EC5946D48AA3}.Release-NET35|Any CPU.ActiveCfg = Release|Any CPU
		{741C20AB-6870-44B4-AAAB-EC5946D48AA3}.Release-NET35|Any CPU.Build.0 = Release|Any CPU
		{741C20AB-6870-44B4-AAAB-EC5946D48AA3}.Release-NET40|Any CPU.ActiveCfg = Release|Any CPU
		{741C20AB-6870-44B4-AAAB-EC5946D48AA3}.Release-NET40|Any CPU.Build.0 = Release|Any CPU
		{741C20AB-6870-44B4-AAAB-EC5946D48AA3}.SingleImage|Any CPU.ActiveCfg = Release|Any CPU
		{741C20AB-6870-44B4-AAAB-EC5946D48AA3}.SingleImage|Any CPU.Build.0 = Release|Any CPU
	EndGlobalSection
	GlobalSection(SolutionProperties) = preSolution
		HideSolutionNode = FALSE
	EndGlobalSection
	GlobalSection(NestedProjects) = preSolution
		{9318EE7F-35D4-4ECC-9A23-321500AB0DE7} = {A2371524-C376-4880-ADFF-10389D82C510}
		{35AEE1CC-6E66-4130-A41B-555499797ED0} = {A2371524-C376-4880-ADFF-10389D82C510}
		{E9C3E053-C122-4CA8-B6EA-821A2F1981B7} = {43604693-4F53-4E2C-BDB1-729A2C2E9180}
		{FF5C9137-6B86-43DD-99CF-A214675C72B8} = {43604693-4F53-4E2C-BDB1-729A2C2E9180}
		{989CF15F-35A7-4BCC-AA36-A5D010031392} = {36AEB231-8172-4C2A-A4C5-67849D4C28D3}
		{68C5CD05-C4E8-4184-93C2-39CE0006E115} = {36AEB231-8172-4C2A-A4C5-67849D4C28D3}
		{A3CE9801-E4B1-4FA7-A01F-1B3E684271C1} = {36AEB231-8172-4C2A-A4C5-67849D4C28D3}
		{2F8805F5-08E8-4BC5-B5F2-3F0432F3D972} = {36AEB231-8172-4C2A-A4C5-67849D4C28D3}
		{387501BD-3DD5-4E3E-A592-00713D8FE59D} = {36AEB231-8172-4C2A-A4C5-67849D4C28D3}
		{00FA8732-696A-4F1D-871D-E046C475E18D} = {36AEB231-8172-4C2A-A4C5-67849D4C28D3}
		{923F1ACB-893F-4D65-B2BF-8BB2BCB10D30} = {36AEB231-8172-4C2A-A4C5-67849D4C28D3}
		{4A1A9F8D-55F1-4748-A23E-896C194A80CB} = {36AEB231-8172-4C2A-A4C5-67849D4C28D3}
		{C7668E19-E679-4FE4-8BBF-22C0131432B3} = {ED363AE3-ED2A-4283-8A6D-0386211C334F}
		{11A6DCA8-9278-49AC-80EC-AEFA5E9FA37E} = {ED363AE3-ED2A-4283-8A6D-0386211C334F}
		{91DE558C-6DB8-429B-A069-C0491DCFF15B} = {ED363AE3-ED2A-4283-8A6D-0386211C334F}
		{741C20AB-6870-44B4-AAAB-EC5946D48AA3} = {ED363AE3-ED2A-4283-8A6D-0386211C334F}
	EndGlobalSection
	GlobalSection(ExtensibilityGlobals) = postSolution
		SolutionGuid = {43F273A1-E367-46EE-A5E7-F8C5D72F6CE4}
	EndGlobalSection
	GlobalSection(TeamFoundationVersionControl) = preSolution
		SccNumberOfProjects = 17
		SccEnterpriseProvider = {4CA58AB2-18FA-4F8D-95D4-32DDF27D184C}
		SccTeamFoundationServer = http://10.0.0.241:8080/tfs/financialapplication
		SccLocalPath0 = .
		SccProjectUniqueName1 = Buca.Application.iBigTime2020.BusinessComponents\\Buca.Application.iBigTime2020.BusinessComponents.csproj
		SccProjectTopLevelParentUniqueName1 = Buca.Application.iBigTime2020.sln
		SccProjectName1 = Buca.Application.iBigTime2020.BusinessComponents
		SccLocalPath1 = Buca.Application.iBigTime2020.BusinessComponents
		SccProjectUniqueName2 = Buca.Application.iBigTime2020.BusinessEntities\\Buca.Application.iBigTime2020.BusinessEntities.csproj
		SccProjectTopLevelParentUniqueName2 = Buca.Application.iBigTime2020.sln
		SccProjectName2 = Buca.Application.iBigTime2020.BusinessEntities
		SccLocalPath2 = Buca.Application.iBigTime2020.BusinessEntities
		SccProjectUniqueName3 = Buca.Application.iBigTime2020.DataHelpers\\Buca.Application.iBigTime2020.DataHelpers.csproj
		SccProjectTopLevelParentUniqueName3 = Buca.Application.iBigTime2020.sln
		SccProjectName3 = Buca.Application.iBigTime2020.DataHelpers
		SccLocalPath3 = Buca.Application.iBigTime2020.DataHelpers
		SccProjectUniqueName4 = Buca.Application.iBigTime2020.DataObjects\\Buca.Application.iBigTime2020.DataAccess.csproj
		SccProjectTopLevelParentUniqueName4 = Buca.Application.iBigTime2020.sln
		SccProjectName4 = Buca.Application.iBigTime2020.DataObjects
		SccLocalPath4 = Buca.Application.iBigTime2020.DataObjects
		SccProjectUniqueName5 = Buca.Application.iBigTime2020.Model\\Buca.Application.iBigTime2020.Model.csproj
		SccProjectTopLevelParentUniqueName5 = Buca.Application.iBigTime2020.sln
		SccProjectName5 = Buca.Application.iBigTime2020.Model
		SccLocalPath5 = Buca.Application.iBigTime2020.Model
		SccProjectUniqueName6 = Buca.Application.iBigTime2020.Presenter\\Buca.Application.iBigTime2020.Presenter.csproj
		SccProjectTopLevelParentUniqueName6 = Buca.Application.iBigTime2020.sln
		SccProjectName6 = Buca.Application.iBigTime2020.Presenter
		SccLocalPath6 = Buca.Application.iBigTime2020.Presenter
		SccProjectUniqueName7 = BuCA.Application.iBigTime2020.Report\\BuCA.Application.iBigTime2020.Report.csproj
		SccProjectTopLevelParentUniqueName7 = Buca.Application.iBigTime2020.sln
		SccProjectName7 = BuCA.Application.iBigTime2020.Report
		SccLocalPath7 = BuCA.Application.iBigTime2020.Report
		SccProjectUniqueName8 = BuCA.Application.iBigTime2020.Session\\BuCA.Application.iBigTime2020.Session.csproj
		SccProjectTopLevelParentUniqueName8 = Buca.Application.iBigTime2020.sln
		SccProjectName8 = BuCA.Application.iBigTime2020.Session
		SccLocalPath8 = BuCA.Application.iBigTime2020.Session
		SccProjectUniqueName9 = Buca.Application.iBigTime2020.View\\Buca.Application.iBigTime2020.View.csproj
		SccProjectTopLevelParentUniqueName9 = Buca.Application.iBigTime2020.sln
		SccProjectName9 = Buca.Application.iBigTime2020.View
		SccLocalPath9 = Buca.Application.iBigTime2020.View
		SccProjectUniqueName10 = Buca.Application.iBigTime2020.WindowsForm\\Buca.Application.iBigTime2020.WindowsForm.csproj
		SccProjectTopLevelParentUniqueName10 = Buca.Application.iBigTime2020.sln
		SccProjectName10 = Buca.Application.iBigTime2020.WindowsForm
		SccLocalPath10 = Buca.Application.iBigTime2020.WindowsForm
		SccProjectUniqueName11 = Buca.AutoUpdater\\Buca.AutoUpdater.csproj
		SccProjectTopLevelParentUniqueName11 = Buca.Application.iBigTime2020.sln
		SccProjectName11 = Buca.AutoUpdater
		SccLocalPath11 = Buca.AutoUpdater
		SccProjectUniqueName12 = BuCA.Enum\\BuCA.Enum.csproj
		SccProjectTopLevelParentUniqueName12 = Buca.Application.iBigTime2020.sln
		SccProjectName12 = BuCA.Enum
		SccLocalPath12 = BuCA.Enum
		SccProjectUniqueName13 = Convert\\Buca.TransformData.csproj
		SccProjectTopLevelParentUniqueName13 = Buca.Application.iBigTime2020.sln
		SccProjectName13 = Convert
		SccLocalPath13 = Convert
		SccProjectUniqueName14 = Encryption\\Encryption.csproj
		SccProjectTopLevelParentUniqueName14 = Buca.Application.iBigTime2020.sln
		SccProjectName14 = Encryption
		SccLocalPath14 = Encryption
		SccProjectUniqueName15 = Option\\BuCA.Option.csproj
		SccProjectTopLevelParentUniqueName15 = Buca.Application.iBigTime2020.sln
		SccProjectName15 = Option
		SccLocalPath15 = Option
		SccProjectUniqueName16 = ZipExtractor\\ZipExtractor.csproj
		SccProjectTopLevelParentUniqueName16 = Buca.Application.iBigTime2020.sln
		SccProjectName16 = ZipExtractor
		SccLocalPath16 = ZipExtractor
	EndGlobalSection
EndGlobal
